// !$*UTF8*$!
{
	archiveVersion = 1;
	classes = {
	};
	objectVersion = 55;
	objects = {

/* Begin PBXBuildFile section */
		4C1E73E2275A3F5D00611EAB /* ACTitleLabel.swift in Sources */ = {isa = PBXBuildFile; fileRef = 4C1E73E1275A3F5D00611EAB /* ACTitleLabel.swift */; };
		4C1E73FA275A428D00611EAB /* Gilroy-UltraLightItalic.ttf in Resources */ = {isa = PBXBuildFile; fileRef = 4C1E73E6275A428D00611EAB /* Gilroy-UltraLightItalic.ttf */; };
		4C1E73FB275A428D00611EAB /* Gilroy-Medium.ttf in Resources */ = {isa = PBXBuildFile; fileRef = 4C1E73E7275A428D00611EAB /* Gilroy-Medium.ttf */; };
		4C1E73FC275A428D00611EAB /* Gilroy-LightItalic.ttf in Resources */ = {isa = PBXBuildFile; fileRef = 4C1E73E8275A428D00611EAB /* Gilroy-LightItalic.ttf */; };
		4C1E73FD275A428D00611EAB /* Gilroy-ThinItalic.ttf in Resources */ = {isa = PBXBuildFile; fileRef = 4C1E73E9275A428D00611EAB /* Gilroy-ThinItalic.ttf */; };
		4C1E73FE275A428D00611EAB /* Gilroy-HeavyItalic.ttf in Resources */ = {isa = PBXBuildFile; fileRef = 4C1E73EA275A428D00611EAB /* Gilroy-HeavyItalic.ttf */; };
		4C1E73FF275A428D00611EAB /* Gilroy-BoldItalic.ttf in Resources */ = {isa = PBXBuildFile; fileRef = 4C1E73EB275A428D00611EAB /* Gilroy-BoldItalic.ttf */; };
		4C1E7400275A428D00611EAB /* Gilroy-SemiBoldItalic.ttf in Resources */ = {isa = PBXBuildFile; fileRef = 4C1E73EC275A428D00611EAB /* Gilroy-SemiBoldItalic.ttf */; };
		4C1E7401275A428D00611EAB /* Gilroy-RegularItalic.ttf in Resources */ = {isa = PBXBuildFile; fileRef = 4C1E73ED275A428D00611EAB /* Gilroy-RegularItalic.ttf */; };
		4C1E7402275A428D00611EAB /* Gilroy-BlackItalic.ttf in Resources */ = {isa = PBXBuildFile; fileRef = 4C1E73EE275A428D00611EAB /* Gilroy-BlackItalic.ttf */; };
		4C1E7403275A428D00611EAB /* Gilroy-Regular.ttf in Resources */ = {isa = PBXBuildFile; fileRef = 4C1E73EF275A428D00611EAB /* Gilroy-Regular.ttf */; };
		4C1E7404275A428D00611EAB /* Gilroy-UltraLight.ttf in Resources */ = {isa = PBXBuildFile; fileRef = 4C1E73F0275A428D00611EAB /* Gilroy-UltraLight.ttf */; };
		4C1E7405275A428D00611EAB /* Gilroy-Black.ttf in Resources */ = {isa = PBXBuildFile; fileRef = 4C1E73F1275A428D00611EAB /* Gilroy-Black.ttf */; };
		4C1E7406275A428D00611EAB /* Gilroy-ExtraBold.ttf in Resources */ = {isa = PBXBuildFile; fileRef = 4C1E73F2275A428D00611EAB /* Gilroy-ExtraBold.ttf */; };
		4C1E7407275A428D00611EAB /* Gilroy-MediumItalic.ttf in Resources */ = {isa = PBXBuildFile; fileRef = 4C1E73F3275A428D00611EAB /* Gilroy-MediumItalic.ttf */; };
		4C1E7408275A428D00611EAB /* Gilroy-Light.ttf in Resources */ = {isa = PBXBuildFile; fileRef = 4C1E73F4275A428D00611EAB /* Gilroy-Light.ttf */; };
		4C1E7409275A428D00611EAB /* Gilroy-Thin.ttf in Resources */ = {isa = PBXBuildFile; fileRef = 4C1E73F5275A428D00611EAB /* Gilroy-Thin.ttf */; };
		4C1E740A275A428D00611EAB /* Gilroy-ExtraBoldItalic.ttf in Resources */ = {isa = PBXBuildFile; fileRef = 4C1E73F6275A428D00611EAB /* Gilroy-ExtraBoldItalic.ttf */; };
		4C1E740B275A428D00611EAB /* Gilroy-SemiBold.ttf in Resources */ = {isa = PBXBuildFile; fileRef = 4C1E73F7275A428D00611EAB /* Gilroy-SemiBold.ttf */; };
		4C1E740C275A428D00611EAB /* Gilroy-Bold.ttf in Resources */ = {isa = PBXBuildFile; fileRef = 4C1E73F8275A428D00611EAB /* Gilroy-Bold.ttf */; };
		4C1E740D275A428D00611EAB /* Gilroy-Heavy.ttf in Resources */ = {isa = PBXBuildFile; fileRef = 4C1E73F9275A428D00611EAB /* Gilroy-Heavy.ttf */; };
		4C1E740F275A606800611EAB /* ACTextField.swift in Sources */ = {isa = PBXBuildFile; fileRef = 4C1E740E275A606800611EAB /* ACTextField.swift */; };
		4C1E7414275A782D00611EAB /* ACTextField+Extension.swift in Sources */ = {isa = PBXBuildFile; fileRef = 4C1E7413275A782D00611EAB /* ACTextField+Extension.swift */; };
		4C1E7417275A79D200611EAB /* StringConstants.swift in Sources */ = {isa = PBXBuildFile; fileRef = 4C1E7416275A79D200611EAB /* StringConstants.swift */; };
		4C1E741A275A7E1100611EAB /* ACButton.swift in Sources */ = {isa = PBXBuildFile; fileRef = 4C1E7419275A7E1100611EAB /* ACButton.swift */; };
		4C1E741D275A8CF100611EAB /* UIHelper.swift in Sources */ = {isa = PBXBuildFile; fileRef = 4C1E741C275A8CF100611EAB /* UIHelper.swift */; };
		4C1E7422275BA01A00611EAB /* NetworkManager.swift in Sources */ = {isa = PBXBuildFile; fileRef = 4C1E7421275BA01900611EAB /* NetworkManager.swift */; };
		4C1E7425275BA07400611EAB /* PopularCarBrand.swift in Sources */ = {isa = PBXBuildFile; fileRef = 4C1E7424275BA07400611EAB /* PopularCarBrand.swift */; };
		4C1E7427275BABD000611EAB /* UIViewController+Extension.swift in Sources */ = {isa = PBXBuildFile; fileRef = 4C1E7426275BABD000611EAB /* UIViewController+Extension.swift */; };
		4C1E742A275BADEF00611EAB /* ACAlertVC.swift in Sources */ = {isa = PBXBuildFile; fileRef = 4C1E7429275BADEF00611EAB /* ACAlertVC.swift */; };
		4C1E742E275BAE3800611EAB /* ACAlertContainerView.swift in Sources */ = {isa = PBXBuildFile; fileRef = 4C1E742C275BAE3800611EAB /* ACAlertContainerView.swift */; };
		4C1E742F275BAE3900611EAB /* ACEmptyStateView.swift in Sources */ = {isa = PBXBuildFile; fileRef = 4C1E742D275BAE3800611EAB /* ACEmptyStateView.swift */; };
		4C1E7431275BAEDE00611EAB /* ACBodyLabel.swift in Sources */ = {isa = PBXBuildFile; fileRef = 4C1E7430275BAEDE00611EAB /* ACBodyLabel.swift */; };
		4C1E7436275BBDAC00611EAB /* PopularCarBrandCell.swift in Sources */ = {isa = PBXBuildFile; fileRef = 4C1E7435275BBDAC00611EAB /* PopularCarBrandCell.swift */; };
		4C1E7438275BBE0600611EAB /* ReuseIdentifying.swift in Sources */ = {isa = PBXBuildFile; fileRef = 4C1E7437275BBE0600611EAB /* ReuseIdentifying.swift */; };
		4C1E743B275BC65300611EAB /* ACPopularCarBrandImageView.swift in Sources */ = {isa = PBXBuildFile; fileRef = 4C1E743A275BC65300611EAB /* ACPopularCarBrandImageView.swift */; };
		4C1E743D275CFFBB00611EAB /* CarCell.swift in Sources */ = {isa = PBXBuildFile; fileRef = 4C1E743C275CFFBB00611EAB /* CarCell.swift */; };
		4C1E743F275D265700611EAB /* ACCarImageView.swift in Sources */ = {isa = PBXBuildFile; fileRef = 4C1E743E275D265600611EAB /* ACCarImageView.swift */; };
		4C1E7441275E302F00611EAB /* CarData.swift in Sources */ = {isa = PBXBuildFile; fileRef = 4C1E7440275E302F00611EAB /* CarData.swift */; };
		4C1E7443275E9E4E00611EAB /* CarDetailsVC.swift in Sources */ = {isa = PBXBuildFile; fileRef = 4C1E7442275E9E4E00611EAB /* CarDetailsVC.swift */; };
		4C1E7445275EC00D00611EAB /* CarDetails.swift in Sources */ = {isa = PBXBuildFile; fileRef = 4C1E7444275EC00D00611EAB /* CarDetails.swift */; };
		4C1E7447275EC96D00611EAB /* CarDetailsHeaderVC.swift in Sources */ = {isa = PBXBuildFile; fileRef = 4C1E7446275EC96D00611EAB /* CarDetailsHeaderVC.swift */; };
		4C2CE59527591FB7005A9A58 /* AppDelegate.swift in Sources */ = {isa = PBXBuildFile; fileRef = 4C2CE59427591FB7005A9A58 /* AppDelegate.swift */; };
		4C2CE59727591FB7005A9A58 /* SceneDelegate.swift in Sources */ = {isa = PBXBuildFile; fileRef = 4C2CE59627591FB7005A9A58 /* SceneDelegate.swift */; };
		4C2CE59927591FB7005A9A58 /* HomeVC.swift in Sources */ = {isa = PBXBuildFile; fileRef = 4C2CE59827591FB7005A9A58 /* HomeVC.swift */; };
		4C2CE59E27591FBD005A9A58 /* Assets.xcassets in Resources */ = {isa = PBXBuildFile; fileRef = 4C2CE59D27591FBD005A9A58 /* Assets.xcassets */; };
		4C2CE5A127591FBD005A9A58 /* LaunchScreen.storyboard in Resources */ = {isa = PBXBuildFile; fileRef = 4C2CE59F27591FBD005A9A58 /* LaunchScreen.storyboard */; };
		4C2CE5A92759869B005A9A58 /* FavoritesListVC.swift in Sources */ = {isa = PBXBuildFile; fileRef = 4C2CE5A82759869B005A9A58 /* FavoritesListVC.swift */; };
		4C2CE5AB2759880B005A9A58 /* NotificationsVC.swift in Sources */ = {isa = PBXBuildFile; fileRef = 4C2CE5AA2759880B005A9A58 /* NotificationsVC.swift */; };
		4C2CE5AD27598839005A9A58 /* MessagesVC.swift in Sources */ = {isa = PBXBuildFile; fileRef = 4C2CE5AC27598839005A9A58 /* MessagesVC.swift */; };
/* End PBXBuildFile section */

/* Begin PBXFileReference section */
		4C1E73E1275A3F5D00611EAB /* ACTitleLabel.swift */ = {isa = PBXFileReference; lastKnownFileType = sourcecode.swift; path = ACTitleLabel.swift; sourceTree = "<group>"; };
		4C1E73E6275A428D00611EAB /* Gilroy-UltraLightItalic.ttf */ = {isa = PBXFileReference; lastKnownFileType = file; path = "Gilroy-UltraLightItalic.ttf"; sourceTree = "<group>"; };
		4C1E73E7275A428D00611EAB /* Gilroy-Medium.ttf */ = {isa = PBXFileReference; lastKnownFileType = file; path = "Gilroy-Medium.ttf"; sourceTree = "<group>"; };
		4C1E73E8275A428D00611EAB /* Gilroy-LightItalic.ttf */ = {isa = PBXFileReference; lastKnownFileType = file; path = "Gilroy-LightItalic.ttf"; sourceTree = "<group>"; };
		4C1E73E9275A428D00611EAB /* Gilroy-ThinItalic.ttf */ = {isa = PBXFileReference; lastKnownFileType = file; path = "Gilroy-ThinItalic.ttf"; sourceTree = "<group>"; };
		4C1E73EA275A428D00611EAB /* Gilroy-HeavyItalic.ttf */ = {isa = PBXFileReference; lastKnownFileType = file; path = "Gilroy-HeavyItalic.ttf"; sourceTree = "<group>"; };
		4C1E73EB275A428D00611EAB /* Gilroy-BoldItalic.ttf */ = {isa = PBXFileReference; lastKnownFileType = file; path = "Gilroy-BoldItalic.ttf"; sourceTree = "<group>"; };
		4C1E73EC275A428D00611EAB /* Gilroy-SemiBoldItalic.ttf */ = {isa = PBXFileReference; lastKnownFileType = file; path = "Gilroy-SemiBoldItalic.ttf"; sourceTree = "<group>"; };
		4C1E73ED275A428D00611EAB /* Gilroy-RegularItalic.ttf */ = {isa = PBXFileReference; lastKnownFileType = file; path = "Gilroy-RegularItalic.ttf"; sourceTree = "<group>"; };
		4C1E73EE275A428D00611EAB /* Gilroy-BlackItalic.ttf */ = {isa = PBXFileReference; lastKnownFileType = file; path = "Gilroy-BlackItalic.ttf"; sourceTree = "<group>"; };
		4C1E73EF275A428D00611EAB /* Gilroy-Regular.ttf */ = {isa = PBXFileReference; lastKnownFileType = file; path = "Gilroy-Regular.ttf"; sourceTree = "<group>"; };
		4C1E73F0275A428D00611EAB /* Gilroy-UltraLight.ttf */ = {isa = PBXFileReference; lastKnownFileType = file; path = "Gilroy-UltraLight.ttf"; sourceTree = "<group>"; };
		4C1E73F1275A428D00611EAB /* Gilroy-Black.ttf */ = {isa = PBXFileReference; lastKnownFileType = file; path = "Gilroy-Black.ttf"; sourceTree = "<group>"; };
		4C1E73F2275A428D00611EAB /* Gilroy-ExtraBold.ttf */ = {isa = PBXFileReference; lastKnownFileType = file; path = "Gilroy-ExtraBold.ttf"; sourceTree = "<group>"; };
		4C1E73F3275A428D00611EAB /* Gilroy-MediumItalic.ttf */ = {isa = PBXFileReference; lastKnownFileType = file; path = "Gilroy-MediumItalic.ttf"; sourceTree = "<group>"; };
		4C1E73F4275A428D00611EAB /* Gilroy-Light.ttf */ = {isa = PBXFileReference; lastKnownFileType = file; path = "Gilroy-Light.ttf"; sourceTree = "<group>"; };
		4C1E73F5275A428D00611EAB /* Gilroy-Thin.ttf */ = {isa = PBXFileReference; lastKnownFileType = file; path = "Gilroy-Thin.ttf"; sourceTree = "<group>"; };
		4C1E73F6275A428D00611EAB /* Gilroy-ExtraBoldItalic.ttf */ = {isa = PBXFileReference; lastKnownFileType = file; path = "Gilroy-ExtraBoldItalic.ttf"; sourceTree = "<group>"; };
		4C1E73F7275A428D00611EAB /* Gilroy-SemiBold.ttf */ = {isa = PBXFileReference; lastKnownFileType = file; path = "Gilroy-SemiBold.ttf"; sourceTree = "<group>"; };
		4C1E73F8275A428D00611EAB /* Gilroy-Bold.ttf */ = {isa = PBXFileReference; lastKnownFileType = file; path = "Gilroy-Bold.ttf"; sourceTree = "<group>"; };
		4C1E73F9275A428D00611EAB /* Gilroy-Heavy.ttf */ = {isa = PBXFileReference; lastKnownFileType = file; path = "Gilroy-Heavy.ttf"; sourceTree = "<group>"; };
		4C1E740E275A606800611EAB /* ACTextField.swift */ = {isa = PBXFileReference; lastKnownFileType = sourcecode.swift; path = ACTextField.swift; sourceTree = "<group>"; };
		4C1E7413275A782D00611EAB /* ACTextField+Extension.swift */ = {isa = PBXFileReference; lastKnownFileType = sourcecode.swift; path = "ACTextField+Extension.swift"; sourceTree = "<group>"; };
		4C1E7416275A79D200611EAB /* StringConstants.swift */ = {isa = PBXFileReference; lastKnownFileType = sourcecode.swift; path = StringConstants.swift; sourceTree = "<group>"; };
		4C1E7419275A7E1100611EAB /* ACButton.swift */ = {isa = PBXFileReference; lastKnownFileType = sourcecode.swift; path = ACButton.swift; sourceTree = "<group>"; };
		4C1E741C275A8CF100611EAB /* UIHelper.swift */ = {isa = PBXFileReference; lastKnownFileType = sourcecode.swift; path = UIHelper.swift; sourceTree = "<group>"; };
		4C1E7421275BA01900611EAB /* NetworkManager.swift */ = {isa = PBXFileReference; lastKnownFileType = sourcecode.swift; path = NetworkManager.swift; sourceTree = "<group>"; };
		4C1E7424275BA07400611EAB /* PopularCarBrand.swift */ = {isa = PBXFileReference; lastKnownFileType = sourcecode.swift; path = PopularCarBrand.swift; sourceTree = "<group>"; };
		4C1E7426275BABD000611EAB /* UIViewController+Extension.swift */ = {isa = PBXFileReference; fileEncoding = 4; lastKnownFileType = sourcecode.swift; path = "UIViewController+Extension.swift"; sourceTree = "<group>"; };
		4C1E7429275BADEF00611EAB /* ACAlertVC.swift */ = {isa = PBXFileReference; fileEncoding = 4; lastKnownFileType = sourcecode.swift; path = ACAlertVC.swift; sourceTree = "<group>"; };
		4C1E742C275BAE3800611EAB /* ACAlertContainerView.swift */ = {isa = PBXFileReference; fileEncoding = 4; lastKnownFileType = sourcecode.swift; path = ACAlertContainerView.swift; sourceTree = "<group>"; };
		4C1E742D275BAE3800611EAB /* ACEmptyStateView.swift */ = {isa = PBXFileReference; fileEncoding = 4; lastKnownFileType = sourcecode.swift; path = ACEmptyStateView.swift; sourceTree = "<group>"; };
		4C1E7430275BAEDE00611EAB /* ACBodyLabel.swift */ = {isa = PBXFileReference; fileEncoding = 4; lastKnownFileType = sourcecode.swift; path = ACBodyLabel.swift; sourceTree = "<group>"; };
		4C1E7435275BBDAC00611EAB /* PopularCarBrandCell.swift */ = {isa = PBXFileReference; fileEncoding = 4; lastKnownFileType = sourcecode.swift; path = PopularCarBrandCell.swift; sourceTree = "<group>"; };
		4C1E7437275BBE0600611EAB /* ReuseIdentifying.swift */ = {isa = PBXFileReference; fileEncoding = 4; lastKnownFileType = sourcecode.swift; path = ReuseIdentifying.swift; sourceTree = "<group>"; };
		4C1E743A275BC65300611EAB /* ACPopularCarBrandImageView.swift */ = {isa = PBXFileReference; fileEncoding = 4; lastKnownFileType = sourcecode.swift; path = ACPopularCarBrandImageView.swift; sourceTree = "<group>"; };
		4C1E743C275CFFBB00611EAB /* CarCell.swift */ = {isa = PBXFileReference; lastKnownFileType = sourcecode.swift; path = CarCell.swift; sourceTree = "<group>"; };
		4C1E743E275D265600611EAB /* ACCarImageView.swift */ = {isa = PBXFileReference; lastKnownFileType = sourcecode.swift; path = ACCarImageView.swift; sourceTree = "<group>"; };
		4C1E7440275E302F00611EAB /* CarData.swift */ = {isa = PBXFileReference; lastKnownFileType = sourcecode.swift; path = CarData.swift; sourceTree = "<group>"; };
		4C1E7442275E9E4E00611EAB /* CarDetailsVC.swift */ = {isa = PBXFileReference; lastKnownFileType = sourcecode.swift; path = CarDetailsVC.swift; sourceTree = "<group>"; };
		4C1E7444275EC00D00611EAB /* CarDetails.swift */ = {isa = PBXFileReference; lastKnownFileType = sourcecode.swift; path = CarDetails.swift; sourceTree = "<group>"; };
		4C1E7446275EC96D00611EAB /* CarDetailsHeaderVC.swift */ = {isa = PBXFileReference; lastKnownFileType = sourcecode.swift; path = CarDetailsHeaderVC.swift; sourceTree = "<group>"; };
		4C2CE59127591FB7005A9A58 /* AutoChek.app */ = {isa = PBXFileReference; explicitFileType = wrapper.application; includeInIndex = 0; path = AutoChek.app; sourceTree = BUILT_PRODUCTS_DIR; };
		4C2CE59427591FB7005A9A58 /* AppDelegate.swift */ = {isa = PBXFileReference; lastKnownFileType = sourcecode.swift; path = AppDelegate.swift; sourceTree = "<group>"; };
		4C2CE59627591FB7005A9A58 /* SceneDelegate.swift */ = {isa = PBXFileReference; lastKnownFileType = sourcecode.swift; path = SceneDelegate.swift; sourceTree = "<group>"; };
		4C2CE59827591FB7005A9A58 /* HomeVC.swift */ = {isa = PBXFileReference; lastKnownFileType = sourcecode.swift; path = HomeVC.swift; sourceTree = "<group>"; };
		4C2CE59D27591FBD005A9A58 /* Assets.xcassets */ = {isa = PBXFileReference; lastKnownFileType = folder.assetcatalog; path = Assets.xcassets; sourceTree = "<group>"; };
		4C2CE5A027591FBD005A9A58 /* Base */ = {isa = PBXFileReference; lastKnownFileType = file.storyboard; name = Base; path = Base.lproj/LaunchScreen.storyboard; sourceTree = "<group>"; };
		4C2CE5A227591FBD005A9A58 /* Info.plist */ = {isa = PBXFileReference; lastKnownFileType = text.plist.xml; path = Info.plist; sourceTree = "<group>"; };
		4C2CE5A82759869B005A9A58 /* FavoritesListVC.swift */ = {isa = PBXFileReference; lastKnownFileType = sourcecode.swift; path = FavoritesListVC.swift; sourceTree = "<group>"; };
		4C2CE5AA2759880B005A9A58 /* NotificationsVC.swift */ = {isa = PBXFileReference; lastKnownFileType = sourcecode.swift; path = NotificationsVC.swift; sourceTree = "<group>"; };
		4C2CE5AC27598839005A9A58 /* MessagesVC.swift */ = {isa = PBXFileReference; lastKnownFileType = sourcecode.swift; path = MessagesVC.swift; sourceTree = "<group>"; };
/* End PBXFileReference section */

/* Begin PBXFrameworksBuildPhase section */
		4C2CE58E27591FB7005A9A58 /* Frameworks */ = {
			isa = PBXFrameworksBuildPhase;
			buildActionMask = 2147483647;
			files = (
			);
			runOnlyForDeploymentPostprocessing = 0;
		};
/* End PBXFrameworksBuildPhase section */

/* Begin PBXGroup section */
		4C1E73E3275A3F6200611EAB /* Labels */ = {
			isa = PBXGroup;
			children = (
				4C1E7430275BAEDE00611EAB /* ACBodyLabel.swift */,
				4C1E73E1275A3F5D00611EAB /* ACTitleLabel.swift */,
			);
			path = Labels;
			sourceTree = "<group>";
		};
		4C1E73E4275A3F6F00611EAB /* Custom Views */ = {
			isa = PBXGroup;
			children = (
				4C1E7439275BC65300611EAB /* ImageViews */,
				4C1E7432275BBD5000611EAB /* Cells */,
				4C1E742B275BAE3800611EAB /* Views */,
				4C1E7428275BADEF00611EAB /* ViewControllers */,
				4C1E7418275A7DF800611EAB /* Buttons */,
				4C1E73E3275A3F6200611EAB /* Labels */,
				4C1E7410275A607200611EAB /* Text Fields */,
			);
			path = "Custom Views";
			sourceTree = "<group>";
		};
		4C1E73E5275A428D00611EAB /* gilroy-font */ = {
			isa = PBXGroup;
			children = (
				4C1E73E6275A428D00611EAB /* Gilroy-UltraLightItalic.ttf */,
				4C1E73E7275A428D00611EAB /* Gilroy-Medium.ttf */,
				4C1E73E8275A428D00611EAB /* Gilroy-LightItalic.ttf */,
				4C1E73E9275A428D00611EAB /* Gilroy-ThinItalic.ttf */,
				4C1E73EA275A428D00611EAB /* Gilroy-HeavyItalic.ttf */,
				4C1E73EB275A428D00611EAB /* Gilroy-BoldItalic.ttf */,
				4C1E73EC275A428D00611EAB /* Gilroy-SemiBoldItalic.ttf */,
				4C1E73ED275A428D00611EAB /* Gilroy-RegularItalic.ttf */,
				4C1E73EE275A428D00611EAB /* Gilroy-BlackItalic.ttf */,
				4C1E73EF275A428D00611EAB /* Gilroy-Regular.ttf */,
				4C1E73F0275A428D00611EAB /* Gilroy-UltraLight.ttf */,
				4C1E73F1275A428D00611EAB /* Gilroy-Black.ttf */,
				4C1E73F2275A428D00611EAB /* Gilroy-ExtraBold.ttf */,
				4C1E73F3275A428D00611EAB /* Gilroy-MediumItalic.ttf */,
				4C1E73F4275A428D00611EAB /* Gilroy-Light.ttf */,
				4C1E73F5275A428D00611EAB /* Gilroy-Thin.ttf */,
				4C1E73F6275A428D00611EAB /* Gilroy-ExtraBoldItalic.ttf */,
				4C1E73F7275A428D00611EAB /* Gilroy-SemiBold.ttf */,
				4C1E73F8275A428D00611EAB /* Gilroy-Bold.ttf */,
				4C1E73F9275A428D00611EAB /* Gilroy-Heavy.ttf */,
			);
			path = "gilroy-font";
			sourceTree = "<group>";
		};
		4C1E7410275A607200611EAB /* Text Fields */ = {
			isa = PBXGroup;
			children = (
				4C1E740E275A606800611EAB /* ACTextField.swift */,
			);
			path = "Text Fields";
			sourceTree = "<group>";
		};
		4C1E7411275A77E900611EAB /* Extensions */ = {
			isa = PBXGroup;
			children = (
				4C1E7426275BABD000611EAB /* UIViewController+Extension.swift */,
			);
			path = Extensions;
			sourceTree = "<group>";
		};
		4C1E7412275A780C00611EAB /* Controllers+Extensions */ = {
			isa = PBXGroup;
			children = (
				4C1E7413275A782D00611EAB /* ACTextField+Extension.swift */,
			);
			path = "Controllers+Extensions";
			sourceTree = "<group>";
		};
		4C1E7415275A79BF00611EAB /* String Constants */ = {
			isa = PBXGroup;
			children = (
				4C1E7416275A79D200611EAB /* StringConstants.swift */,
			);
			path = "String Constants";
			sourceTree = "<group>";
		};
		4C1E7418275A7DF800611EAB /* Buttons */ = {
			isa = PBXGroup;
			children = (
				4C1E7419275A7E1100611EAB /* ACButton.swift */,
			);
			path = Buttons;
			sourceTree = "<group>";
		};
		4C1E741B275A8CCE00611EAB /* Common */ = {
			isa = PBXGroup;
			children = (
				4C1E7437275BBE0600611EAB /* ReuseIdentifying.swift */,
				4C1E741C275A8CF100611EAB /* UIHelper.swift */,
			);
			path = Common;
			sourceTree = "<group>";
		};
		4C1E741E275A8FB400611EAB /* Managers */ = {
			isa = PBXGroup;
			children = (
				4C1E7421275BA01900611EAB /* NetworkManager.swift */,
			);
			path = Managers;
			sourceTree = "<group>";
		};
		4C1E7423275BA02100611EAB /* Models */ = {
			isa = PBXGroup;
			children = (
				4C1E7424275BA07400611EAB /* PopularCarBrand.swift */,
				4C1E7440275E302F00611EAB /* CarData.swift */,
				4C1E7444275EC00D00611EAB /* CarDetails.swift */,
			);
			path = Models;
			sourceTree = "<group>";
		};
		4C1E7428275BADEF00611EAB /* ViewControllers */ = {
			isa = PBXGroup;
			children = (
				4C1E7429275BADEF00611EAB /* ACAlertVC.swift */,
				4C1E7446275EC96D00611EAB /* CarDetailsHeaderVC.swift */,
			);
			path = ViewControllers;
			sourceTree = "<group>";
		};
		4C1E742B275BAE3800611EAB /* Views */ = {
			isa = PBXGroup;
			children = (
				4C1E742C275BAE3800611EAB /* ACAlertContainerView.swift */,
				4C1E742D275BAE3800611EAB /* ACEmptyStateView.swift */,
			);
			path = Views;
			sourceTree = "<group>";
		};
		4C1E7432275BBD5000611EAB /* Cells */ = {
			isa = PBXGroup;
			children = (
				4C1E7435275BBDAC00611EAB /* PopularCarBrandCell.swift */,
				4C1E743C275CFFBB00611EAB /* CarCell.swift */,
			);
			path = Cells;
			sourceTree = "<group>";
		};
		4C1E7439275BC65300611EAB /* ImageViews */ = {
			isa = PBXGroup;
			children = (
				4C1E743A275BC65300611EAB /* ACPopularCarBrandImageView.swift */,
				4C1E743E275D265600611EAB /* ACCarImageView.swift */,
			);
			path = ImageViews;
			sourceTree = "<group>";
		};
		4C2CE58827591FB7005A9A58 = {
			isa = PBXGroup;
			children = (
				4C2CE59327591FB7005A9A58 /* AutoChek */,
				4C2CE59227591FB7005A9A58 /* Products */,
			);
			sourceTree = "<group>";
		};
		4C2CE59227591FB7005A9A58 /* Products */ = {
			isa = PBXGroup;
			children = (
				4C2CE59127591FB7005A9A58 /* AutoChek.app */,
			);
			name = Products;
			sourceTree = "<group>";
		};
		4C2CE59327591FB7005A9A58 /* AutoChek */ = {
			isa = PBXGroup;
			children = (
				4C1E7423275BA02100611EAB /* Models */,
				4C1E741E275A8FB400611EAB /* Managers */,
				4C1E741B275A8CCE00611EAB /* Common */,
				4C1E7415275A79BF00611EAB /* String Constants */,
				4C1E7411275A77E900611EAB /* Extensions */,
				4C2CE5B22759A03F005A9A58 /* Support */,
				4C2CE5AE27599FEE005A9A58 /* Application Delegates */,
				4C2CE5AF2759A010005A9A58 /* Controllers */,
				4C2CE5B12759A035005A9A58 /* Resources */,
				4C2CE5B02759A01E005A9A58 /* Storyboards */,
				4C1E73E4275A3F6F00611EAB /* Custom Views */,
			);
			path = AutoChek;
			sourceTree = "<group>";
		};
		4C2CE5AE27599FEE005A9A58 /* Application Delegates */ = {
			isa = PBXGroup;
			children = (
				4C2CE59427591FB7005A9A58 /* AppDelegate.swift */,
				4C2CE59627591FB7005A9A58 /* SceneDelegate.swift */,
			);
			path = "Application Delegates";
			sourceTree = "<group>";
		};
		4C2CE5AF2759A010005A9A58 /* Controllers */ = {
			isa = PBXGroup;
			children = (
				4C1E7412275A780C00611EAB /* Controllers+Extensions */,
				4C2CE59827591FB7005A9A58 /* HomeVC.swift */,
				4C2CE5A82759869B005A9A58 /* FavoritesListVC.swift */,
				4C2CE5AA2759880B005A9A58 /* NotificationsVC.swift */,
				4C2CE5AC27598839005A9A58 /* MessagesVC.swift */,
				4C1E7442275E9E4E00611EAB /* CarDetailsVC.swift */,
			);
			path = Controllers;
			sourceTree = "<group>";
		};
		4C2CE5B02759A01E005A9A58 /* Storyboards */ = {
			isa = PBXGroup;
			children = (
				4C2CE59F27591FBD005A9A58 /* LaunchScreen.storyboard */,
			);
			path = Storyboards;
			sourceTree = "<group>";
		};
		4C2CE5B12759A035005A9A58 /* Resources */ = {
			isa = PBXGroup;
			children = (
				4C1E73E5275A428D00611EAB /* gilroy-font */,
				4C2CE59D27591FBD005A9A58 /* Assets.xcassets */,
			);
			path = Resources;
			sourceTree = "<group>";
		};
		4C2CE5B22759A03F005A9A58 /* Support */ = {
			isa = PBXGroup;
			children = (
				4C2CE5A227591FBD005A9A58 /* Info.plist */,
			);
			name = Support;
			sourceTree = "<group>";
		};
/* End PBXGroup section */

/* Begin PBXNativeTarget section */
		4C2CE59027591FB7005A9A58 /* AutoChek */ = {
			isa = PBXNativeTarget;
			buildConfigurationList = 4C2CE5A527591FBD005A9A58 /* Build configuration list for PBXNativeTarget "AutoChek" */;
			buildPhases = (
				4C2CE58D27591FB7005A9A58 /* Sources */,
				4C2CE58E27591FB7005A9A58 /* Frameworks */,
				4C2CE58F27591FB7005A9A58 /* Resources */,
			);
			buildRules = (
			);
			dependencies = (
			);
			name = AutoChek;
			productName = AutoChek;
			productReference = 4C2CE59127591FB7005A9A58 /* AutoChek.app */;
			productType = "com.apple.product-type.application";
		};
/* End PBXNativeTarget section */

/* Begin PBXProject section */
		4C2CE58927591FB7005A9A58 /* Project object */ = {
			isa = PBXProject;
			attributes = {
				BuildIndependentTargetsInParallel = 1;
				LastSwiftUpdateCheck = 1310;
				LastUpgradeCheck = 1310;
				TargetAttributes = {
					4C2CE59027591FB7005A9A58 = {
						CreatedOnToolsVersion = 13.1;
					};
				};
			};
			buildConfigurationList = 4C2CE58C27591FB7005A9A58 /* Build configuration list for PBXProject "AutoChek" */;
			compatibilityVersion = "Xcode 13.0";
			developmentRegion = en;
			hasScannedForEncodings = 0;
			knownRegions = (
				en,
				Base,
			);
			mainGroup = 4C2CE58827591FB7005A9A58;
			productRefGroup = 4C2CE59227591FB7005A9A58 /* Products */;
			projectDirPath = "";
			projectRoot = "";
			targets = (
				4C2CE59027591FB7005A9A58 /* AutoChek */,
			);
		};
/* End PBXProject section */

/* Begin PBXResourcesBuildPhase section */
		4C2CE58F27591FB7005A9A58 /* Resources */ = {
			isa = PBXResourcesBuildPhase;
			buildActionMask = 2147483647;
			files = (
				4C1E7402275A428D00611EAB /* Gilroy-BlackItalic.ttf in Resources */,
				4C1E740A275A428D00611EAB /* Gilroy-ExtraBoldItalic.ttf in Resources */,
				4C1E7408275A428D00611EAB /* Gilroy-Light.ttf in Resources */,
				4C1E740C275A428D00611EAB /* Gilroy-Bold.ttf in Resources */,
				4C2CE5A127591FBD005A9A58 /* LaunchScreen.storyboard in Resources */,
				4C1E73FC275A428D00611EAB /* Gilroy-LightItalic.ttf in Resources */,
				4C1E7404275A428D00611EAB /* Gilroy-UltraLight.ttf in Resources */,
				4C1E73FB275A428D00611EAB /* Gilroy-Medium.ttf in Resources */,
				4C1E740D275A428D00611EAB /* Gilroy-Heavy.ttf in Resources */,
				4C1E7401275A428D00611EAB /* Gilroy-RegularItalic.ttf in Resources */,
				4C1E73FF275A428D00611EAB /* Gilroy-BoldItalic.ttf in Resources */,
				4C2CE59E27591FBD005A9A58 /* Assets.xcassets in Resources */,
				4C1E7403275A428D00611EAB /* Gilroy-Regular.ttf in Resources */,
				4C1E73FA275A428D00611EAB /* Gilroy-UltraLightItalic.ttf in Resources */,
				4C1E73FE275A428D00611EAB /* Gilroy-HeavyItalic.ttf in Resources */,
				4C1E740B275A428D00611EAB /* Gilroy-SemiBold.ttf in Resources */,
				4C1E7400275A428D00611EAB /* Gilroy-SemiBoldItalic.ttf in Resources */,
				4C1E7406275A428D00611EAB /* Gilroy-ExtraBold.ttf in Resources */,
				4C1E7407275A428D00611EAB /* Gilroy-MediumItalic.ttf in Resources */,
				4C1E7409275A428D00611EAB /* Gilroy-Thin.ttf in Resources */,
				4C1E7405275A428D00611EAB /* Gilroy-Black.ttf in Resources */,
				4C1E73FD275A428D00611EAB /* Gilroy-ThinItalic.ttf in Resources */,
			);
			runOnlyForDeploymentPostprocessing = 0;
		};
/* End PBXResourcesBuildPhase section */

/* Begin PBXSourcesBuildPhase section */
		4C2CE58D27591FB7005A9A58 /* Sources */ = {
			isa = PBXSourcesBuildPhase;
			buildActionMask = 2147483647;
			files = (
				4C2CE5AD27598839005A9A58 /* MessagesVC.swift in Sources */,
				4C1E740F275A606800611EAB /* ACTextField.swift in Sources */,
				4C1E743B275BC65300611EAB /* ACPopularCarBrandImageView.swift in Sources */,
				4C2CE59927591FB7005A9A58 /* HomeVC.swift in Sources */,
				4C1E7427275BABD000611EAB /* UIViewController+Extension.swift in Sources */,
				4C1E7431275BAEDE00611EAB /* ACBodyLabel.swift in Sources */,
				4C1E7422275BA01A00611EAB /* NetworkManager.swift in Sources */,
				4C1E743F275D265700611EAB /* ACCarImageView.swift in Sources */,
				4C2CE5AB2759880B005A9A58 /* NotificationsVC.swift in Sources */,
				4C1E7447275EC96D00611EAB /* CarDetailsHeaderVC.swift in Sources */,
				4C1E7445275EC00D00611EAB /* CarDetails.swift in Sources */,
				4C1E7438275BBE0600611EAB /* ReuseIdentifying.swift in Sources */,
				4C1E7436275BBDAC00611EAB /* PopularCarBrandCell.swift in Sources */,
				4C2CE59527591FB7005A9A58 /* AppDelegate.swift in Sources */,
				4C1E741A275A7E1100611EAB /* ACButton.swift in Sources */,
				4C1E743D275CFFBB00611EAB /* CarCell.swift in Sources */,
				4C1E742A275BADEF00611EAB /* ACAlertVC.swift in Sources */,
				4C1E742F275BAE3900611EAB /* ACEmptyStateView.swift in Sources */,
				4C1E7425275BA07400611EAB /* PopularCarBrand.swift in Sources */,
				4C1E7441275E302F00611EAB /* CarData.swift in Sources */,
				4C1E7443275E9E4E00611EAB /* CarDetailsVC.swift in Sources */,
				4C1E7414275A782D00611EAB /* ACTextField+Extension.swift in Sources */,
				4C2CE5A92759869B005A9A58 /* FavoritesListVC.swift in Sources */,
				4C2CE59727591FB7005A9A58 /* SceneDelegate.swift in Sources */,
				4C1E7417275A79D200611EAB /* StringConstants.swift in Sources */,
				4C1E73E2275A3F5D00611EAB /* ACTitleLabel.swift in Sources */,
				4C1E741D275A8CF100611EAB /* UIHelper.swift in Sources */,
				4C1E742E275BAE3800611EAB /* ACAlertContainerView.swift in Sources */,
			);
			runOnlyForDeploymentPostprocessing = 0;
		};
/* End PBXSourcesBuildPhase section */

/* Begin PBXVariantGroup section */
		4C2CE59F27591FBD005A9A58 /* LaunchScreen.storyboard */ = {
			isa = PBXVariantGroup;
			children = (
				4C2CE5A027591FBD005A9A58 /* Base */,
			);
			name = LaunchScreen.storyboard;
			sourceTree = "<group>";
		};
/* End PBXVariantGroup section */

/* Begin XCBuildConfiguration section */
		4C2CE5A327591FBD005A9A58 /* Debug */ = {
			isa = XCBuildConfiguration;
			buildSettings = {
				ALWAYS_SEARCH_USER_PATHS = NO;
				CLANG_ANALYZER_NONNULL = YES;
				CLANG_ANALYZER_NUMBER_OBJECT_CONVERSION = YES_AGGRESSIVE;
				CLANG_CXX_LANGUAGE_STANDARD = "gnu++17";
				CLANG_CXX_LIBRARY = "libc++";
				CLANG_ENABLE_MODULES = YES;
				CLANG_ENABLE_OBJC_ARC = YES;
				CLANG_ENABLE_OBJC_WEAK = YES;
				CLANG_WARN_BLOCK_CAPTURE_AUTORELEASING = YES;
				CLANG_WARN_BOOL_CONVERSION = YES;
				CLANG_WARN_COMMA = YES;
				CLANG_WARN_CONSTANT_CONVERSION = YES;
				CLANG_WARN_DEPRECATED_OBJC_IMPLEMENTATIONS = YES;
				CLANG_WARN_DIRECT_OBJC_ISA_USAGE = YES_ERROR;
				CLANG_WARN_DOCUMENTATION_COMMENTS = YES;
				CLANG_WARN_EMPTY_BODY = YES;
				CLANG_WARN_ENUM_CONVERSION = YES;
				CLANG_WARN_INFINITE_RECURSION = YES;
				CLANG_WARN_INT_CONVERSION = YES;
				CLANG_WARN_NON_LITERAL_NULL_CONVERSION = YES;
				CLANG_WARN_OBJC_IMPLICIT_RETAIN_SELF = YES;
				CLANG_WARN_OBJC_LITERAL_CONVERSION = YES;
				CLANG_WARN_OBJC_ROOT_CLASS = YES_ERROR;
				CLANG_WARN_QUOTED_INCLUDE_IN_FRAMEWORK_HEADER = YES;
				CLANG_WARN_RANGE_LOOP_ANALYSIS = YES;
				CLANG_WARN_STRICT_PROTOTYPES = YES;
				CLANG_WARN_SUSPICIOUS_MOVE = YES;
				CLANG_WARN_UNGUARDED_AVAILABILITY = YES_AGGRESSIVE;
				CLANG_WARN_UNREACHABLE_CODE = YES;
				CLANG_WARN__DUPLICATE_METHOD_MATCH = YES;
				COPY_PHASE_STRIP = NO;
				DEBUG_INFORMATION_FORMAT = dwarf;
				ENABLE_STRICT_OBJC_MSGSEND = YES;
				ENABLE_TESTABILITY = YES;
				GCC_C_LANGUAGE_STANDARD = gnu11;
				GCC_DYNAMIC_NO_PIC = NO;
				GCC_NO_COMMON_BLOCKS = YES;
				GCC_OPTIMIZATION_LEVEL = 0;
				GCC_PREPROCESSOR_DEFINITIONS = (
					"DEBUG=1",
					"$(inherited)",
				);
				GCC_WARN_64_TO_32_BIT_CONVERSION = YES;
				GCC_WARN_ABOUT_RETURN_TYPE = YES_ERROR;
				GCC_WARN_UNDECLARED_SELECTOR = YES;
				GCC_WARN_UNINITIALIZED_AUTOS = YES_AGGRESSIVE;
				GCC_WARN_UNUSED_FUNCTION = YES;
				GCC_WARN_UNUSED_VARIABLE = YES;
				IPHONEOS_DEPLOYMENT_TARGET = 15.0;
				MTL_ENABLE_DEBUG_INFO = INCLUDE_SOURCE;
				MTL_FAST_MATH = YES;
				ONLY_ACTIVE_ARCH = YES;
				SDKROOT = iphoneos;
				SWIFT_ACTIVE_COMPILATION_CONDITIONS = DEBUG;
				SWIFT_OPTIMIZATION_LEVEL = "-Onone";
			};
			name = Debug;
		};
		4C2CE5A427591FBD005A9A58 /* Release */ = {
			isa = XCBuildConfiguration;
			buildSettings = {
				ALWAYS_SEARCH_USER_PATHS = NO;
				CLANG_ANALYZER_NONNULL = YES;
				CLANG_ANALYZER_NUMBER_OBJECT_CONVERSION = YES_AGGRESSIVE;
				CLANG_CXX_LANGUAGE_STANDARD = "gnu++17";
				CLANG_CXX_LIBRARY = "libc++";
				CLANG_ENABLE_MODULES = YES;
				CLANG_ENABLE_OBJC_ARC = YES;
				CLANG_ENABLE_OBJC_WEAK = YES;
				CLANG_WARN_BLOCK_CAPTURE_AUTORELEASING = YES;
				CLANG_WARN_BOOL_CONVERSION = YES;
				CLANG_WARN_COMMA = YES;
				CLANG_WARN_CONSTANT_CONVERSION = YES;
				CLANG_WARN_DEPRECATED_OBJC_IMPLEMENTATIONS = YES;
				CLANG_WARN_DIRECT_OBJC_ISA_USAGE = YES_ERROR;
				CLANG_WARN_DOCUMENTATION_COMMENTS = YES;
				CLANG_WARN_EMPTY_BODY = YES;
				CLANG_WARN_ENUM_CONVERSION = YES;
				CLANG_WARN_INFINITE_RECURSION = YES;
				CLANG_WARN_INT_CONVERSION = YES;
				CLANG_WARN_NON_LITERAL_NULL_CONVERSION = YES;
				CLANG_WARN_OBJC_IMPLICIT_RETAIN_SELF = YES;
				CLANG_WARN_OBJC_LITERAL_CONVERSION = YES;
				CLANG_WARN_OBJC_ROOT_CLASS = YES_ERROR;
				CLANG_WARN_QUOTED_INCLUDE_IN_FRAMEWORK_HEADER = YES;
				CLANG_WARN_RANGE_LOOP_ANALYSIS = YES;
				CLANG_WARN_STRICT_PROTOTYPES = YES;
				CLANG_WARN_SUSPICIOUS_MOVE = YES;
				CLANG_WARN_UNGUARDED_AVAILABILITY = YES_AGGRESSIVE;
				CLANG_WARN_UNREACHABLE_CODE = YES;
				CLANG_WARN__DUPLICATE_METHOD_MATCH = YES;
				COPY_PHASE_STRIP = NO;
				DEBUG_INFORMATION_FORMAT = "dwarf-with-dsym";
				ENABLE_NS_ASSERTIONS = NO;
				ENABLE_STRICT_OBJC_MSGSEND = YES;
				GCC_C_LANGUAGE_STANDARD = gnu11;
				GCC_NO_COMMON_BLOCKS = YES;
				GCC_WARN_64_TO_32_BIT_CONVERSION = YES;
				GCC_WARN_ABOUT_RETURN_TYPE = YES_ERROR;
				GCC_WARN_UNDECLARED_SELECTOR = YES;
				GCC_WARN_UNINITIALIZED_AUTOS = YES_AGGRESSIVE;
				GCC_WARN_UNUSED_FUNCTION = YES;
				GCC_WARN_UNUSED_VARIABLE = YES;
				IPHONEOS_DEPLOYMENT_TARGET = 15.0;
				MTL_ENABLE_DEBUG_INFO = NO;
				MTL_FAST_MATH = YES;
				SDKROOT = iphoneos;
				SWIFT_COMPILATION_MODE = wholemodule;
				SWIFT_OPTIMIZATION_LEVEL = "-O";
				VALIDATE_PRODUCT = YES;
			};
			name = Release;
		};
		4C2CE5A627591FBD005A9A58 /* Debug */ = {
			isa = XCBuildConfiguration;
			buildSettings = {
				ASSETCATALOG_COMPILER_APPICON_NAME = AppIcon;
				ASSETCATALOG_COMPILER_GLOBAL_ACCENT_COLOR_NAME = AccentColor;
				CODE_SIGN_STYLE = Automatic;
				CURRENT_PROJECT_VERSION = 1;
				DEVELOPMENT_TEAM = N6Y3QXW925;
				GENERATE_INFOPLIST_FILE = YES;
				INFOPLIST_FILE = AutoChek/Info.plist;
				INFOPLIST_KEY_UIApplicationSupportsIndirectInputEvents = YES;
				INFOPLIST_KEY_UILaunchStoryboardName = LaunchScreen;
				INFOPLIST_KEY_UISupportedInterfaceOrientations = UIInterfaceOrientationPortrait;
				INFOPLIST_KEY_UISupportedInterfaceOrientations_iPad = "UIInterfaceOrientationPortrait UIInterfaceOrientationPortraitUpsideDown UIInterfaceOrientationLandscapeLeft UIInterfaceOrientationLandscapeRight";
				INFOPLIST_KEY_UISupportedInterfaceOrientations_iPhone = "UIInterfaceOrientationPortrait UIInterfaceOrientationLandscapeLeft UIInterfaceOrientationLandscapeRight";
				LD_RUNPATH_SEARCH_PATHS = (
					"$(inherited)",
					"@executable_path/Frameworks",
				);
				MARKETING_VERSION = 1.0;
				PRODUCT_BUNDLE_IDENTIFIER = com.folahanmi.AutoChek;
				PRODUCT_NAME = "$(TARGET_NAME)";
				SWIFT_EMIT_LOC_STRINGS = YES;
				SWIFT_VERSION = 5.0;
				TARGETED_DEVICE_FAMILY = 1;
			};
			name = Debug;
		};
		4C2CE5A727591FBD005A9A58 /* Release */ = {
			isa = XCBuildConfiguration;
			buildSettings = {
				ASSETCATALOG_COMPILER_APPICON_NAME = AppIcon;
				ASSETCATALOG_COMPILER_GLOBAL_ACCENT_COLOR_NAME = AccentColor;
				CODE_SIGN_STYLE = Automatic;
				CURRENT_PROJECT_VERSION = 1;
				DEVELOPMENT_TEAM = N6Y3QXW925;
				GENERATE_INFOPLIST_FILE = YES;
				INFOPLIST_FILE = AutoChek/Info.plist;
				INFOPLIST_KEY_UIApplicationSupportsIndirectInputEvents = YES;
				INFOPLIST_KEY_UILaunchStoryboardName = LaunchScreen;
				INFOPLIST_KEY_UISupportedInterfaceOrientations = UIInterfaceOrientationPortrait;
				INFOPLIST_KEY_UISupportedInterfaceOrientations_iPad = "UIInterfaceOrientationPortrait UIInterfaceOrientationPortraitUpsideDown UIInterfaceOrientationLandscapeLeft UIInterfaceOrientationLandscapeRight";
				INFOPLIST_KEY_UISupportedInterfaceOrientations_iPhone = "UIInterfaceOrientationPortrait UIInterfaceOrientationLandscapeLeft UIInterfaceOrientationLandscapeRight";
				LD_RUNPATH_SEARCH_PATHS = (
					"$(inherited)",
					"@executable_path/Frameworks",
				);
				MARKETING_VERSION = 1.0;
				PRODUCT_BUNDLE_IDENTIFIER = com.folahanmi.AutoChek;
				PRODUCT_NAME = "$(TARGET_NAME)";
				SWIFT_EMIT_LOC_STRINGS = YES;
				SWIFT_VERSION = 5.0;
				TARGETED_DEVICE_FAMILY = 1;
			};
			name = Release;
		};
/* End XCBuildConfiguration section */

/* Begin XCConfigurationList section */
		4C2CE58C27591FB7005A9A58 /* Build configuration list for PBXProject "AutoChek" */ = {
			isa = XCConfigurationList;
			buildConfigurations = (
				4C2CE5A327591FBD005A9A58 /* Debug */,
				4C2CE5A427591FBD005A9A58 /* Release */,
			);
			defaultConfigurationIsVisible = 0;
			defaultConfigurationName = Release;
		};
		4C2CE5A527591FBD005A9A58 /* Build configuration list for PBXNativeTarget "AutoChek" */ = {
			isa = XCConfigurationList;
			buildConfigurations = (
				4C2CE5A627591FBD005A9A58 /* Debug */,
				4C2CE5A727591FBD005A9A58 /* Release */,
			);
			defaultConfigurationIsVisible = 0;
			defaultConfigurationName = Release;
		};
/* End XCConfigurationList section */
	};
	rootObject = 4C2CE58927591FB7005A9A58 /* Project object */;
}
